
Microsoft Visual Studio Solution File, Format Version 12.00
# Visual Studio Version 17
VisualStudioVersion = 17.1.32421.90
MinimumVisualStudioVersion = 10.0.40219.1
Project("{9A19103F-16F7-4668-BE54-9A1E7A4F7556}") = "UIX", "UIX\UIX.csproj", "{78A8B08C-C0E9-4BAC-9AF6-58D3A55C05C9}"
EndProject
Project("{9A19103F-16F7-4668-BE54-9A1E7A4F7556}") = "UIX.RenderApi", "UIX.RenderApi\UIX.RenderApi.csproj", "{CB2B7609-C7B8-4E2A-82D8-DD631B70B621}"
EndProject
Project("{2150E333-8FDC-42A3-9474-1A3956D46DE8}") = "Tests", "Tests", "{1F0A2AD3-81C3-4A53-8AEF-DC67ABC63183}"
EndProject
Project("{9A19103F-16F7-4668-BE54-9A1E7A4F7556}") = "SimpleDebugClient", "Tests\SimpleDebugClient\SimpleDebugClient.csproj", "{283532A3-A744-4C1C-960C-0B4FE9AF98C9}"
EndProject
Project("{9A19103F-16F7-4668-BE54-9A1E7A4F7556}") = "SimpleIrisApp", "Tests\SimpleIrisApp\SimpleIrisApp.csproj", "{96FB9772-5619-47AD-93FC-F26319EC6BB1}"
EndProject
Project("{2150E333-8FDC-42A3-9474-1A3956D46DE8}") = "Solution Items", "Solution Items", "{49D932ED-87EE-46FA-B374-9C30B26DF06C}"
	ProjectSection(SolutionItems) = preProject
		Directory.Build.props = Directory.Build.props
	EndProjectSection
EndProject
Global
	GlobalSection(SolutionConfigurationPlatforms) = preSolution
		Debug|Any CPU = Debug|Any CPU
		Debug|x64 = Debug|x64
		Debug|x86 = Debug|x86
		Release|Any CPU = Release|Any CPU
		Release|x64 = Release|x64
		Release|x86 = Release|x86
	EndGlobalSection
	GlobalSection(ProjectConfigurationPlatforms) = postSolution
		{78A8B08C-C0E9-4BAC-9AF6-58D3A55C05C9}.Debug|Any CPU.ActiveCfg = Debug|Any CPU
		{78A8B08C-C0E9-4BAC-9AF6-58D3A55C05C9}.Debug|Any CPU.Build.0 = Debug|Any CPU
		{78A8B08C-C0E9-4BAC-9AF6-58D3A55C05C9}.Debug|x64.ActiveCfg = Debug|x64
		{78A8B08C-C0E9-4BAC-9AF6-58D3A55C05C9}.Debug|x64.Build.0 = Debug|x64
		{78A8B08C-C0E9-4BAC-9AF6-58D3A55C05C9}.Debug|x86.ActiveCfg = Debug|x86
		{78A8B08C-C0E9-4BAC-9AF6-58D3A55C05C9}.Debug|x86.Build.0 = Debug|x86
		{78A8B08C-C0E9-4BAC-9AF6-58D3A55C05C9}.Release|Any CPU.ActiveCfg = Release|Any CPU
		{78A8B08C-C0E9-4BAC-9AF6-58D3A55C05C9}.Release|Any CPU.Build.0 = Release|Any CPU
		{78A8B08C-C0E9-4BAC-9AF6-58D3A55C05C9}.Release|x64.ActiveCfg = Release|x64
		{78A8B08C-C0E9-4BAC-9AF6-58D3A55C05C9}.Release|x64.Build.0 = Release|x64
		{78A8B08C-C0E9-4BAC-9AF6-58D3A55C05C9}.Release|x86.ActiveCfg = Release|x86
		{78A8B08C-C0E9-4BAC-9AF6-58D3A55C05C9}.Release|x86.Build.0 = Release|x86
		{CB2B7609-C7B8-4E2A-82D8-DD631B70B621}.Debug|Any CPU.ActiveCfg = Debug|Any CPU
		{CB2B7609-C7B8-4E2A-82D8-DD631B70B621}.Debug|Any CPU.Build.0 = Debug|Any CPU
		{CB2B7609-C7B8-4E2A-82D8-DD631B70B621}.Debug|x64.ActiveCfg = Debug|x64
		{CB2B7609-C7B8-4E2A-82D8-DD631B70B621}.Debug|x64.Build.0 = Debug|x64
		{CB2B7609-C7B8-4E2A-82D8-DD631B70B621}.Debug|x86.ActiveCfg = Debug|x86
		{CB2B7609-C7B8-4E2A-82D8-DD631B70B621}.Debug|x86.Build.0 = Debug|x86
		{CB2B7609-C7B8-4E2A-82D8-DD631B70B621}.Release|Any CPU.ActiveCfg = Release|Any CPU
		{CB2B7609-C7B8-4E2A-82D8-DD631B70B621}.Release|Any CPU.Build.0 = Release|Any CPU
		{CB2B7609-C7B8-4E2A-82D8-DD631B70B621}.Release|x64.ActiveCfg = Release|x64
		{CB2B7609-C7B8-4E2A-82D8-DD631B70B621}.Release|x64.Build.0 = Release|x64
		{CB2B7609-C7B8-4E2A-82D8-DD631B70B621}.Release|x86.ActiveCfg = Release|x86
		{CB2B7609-C7B8-4E2A-82D8-DD631B70B621}.Release|x86.Build.0 = Release|x86
		{283532A3-A744-4C1C-960C-0B4FE9AF98C9}.Debug|Any CPU.ActiveCfg = Debug|Any CPU
		{283532A3-A744-4C1C-960C-0B4FE9AF98C9}.Debug|Any CPU.Build.0 = Debug|Any CPU
		{283532A3-A744-4C1C-960C-0B4FE9AF98C9}.Debug|x64.ActiveCfg = Debug|x64
		{283532A3-A744-4C1C-960C-0B4FE9AF98C9}.Debug|x64.Build.0 = Debug|x64
		{283532A3-A744-4C1C-960C-0B4FE9AF98C9}.Debug|x86.ActiveCfg = Debug|x86
		{283532A3-A744-4C1C-960C-0B4FE9AF98C9}.Debug|x86.Build.0 = Debug|x86
		{283532A3-A744-4C1C-960C-0B4FE9AF98C9}.Release|Any CPU.ActiveCfg = Release|Any CPU
		{283532A3-A744-4C1C-960C-0B4FE9AF98C9}.Release|Any CPU.Build.0 = Release|Any CPU
		{283532A3-A744-4C1C-960C-0B4FE9AF98C9}.Release|x64.ActiveCfg = Release|Any CPU
		{283532A3-A744-4C1C-960C-0B4FE9AF98C9}.Release|x64.Build.0 = Release|Any CPU
		{283532A3-A744-4C1C-960C-0B4FE9AF98C9}.Release|x86.ActiveCfg = Release|Any CPU
		{283532A3-A744-4C1C-960C-0B4FE9AF98C9}.Release|x86.Build.0 = Release|Any CPU
		{96FB9772-5619-47AD-93FC-F26319EC6BB1}.Debug|Any CPU.ActiveCfg = Debug|Any CPU
		{96FB9772-5619-47AD-93FC-F26319EC6BB1}.Debug|Any CPU.Build.0 = Debug|Any CPU
		{96FB9772-5619-47AD-93FC-F26319EC6BB1}.Debug|x64.ActiveCfg = Debug|x64
		{96FB9772-5619-47AD-93FC-F26319EC6BB1}.Debug|x64.Build.0 = Debug|x64
		{96FB9772-5619-47AD-93FC-F26319EC6BB1}.Debug|x86.ActiveCfg = Debug|x86
		{96FB9772-5619-47AD-93FC-F26319EC6BB1}.Debug|x86.Build.0 = Debug|x86
		{96FB9772-5619-47AD-93FC-F26319EC6BB1}.Release|Any CPU.ActiveCfg = Release|Any CPU
		{96FB9772-5619-47AD-93FC-F26319EC6BB1}.Release|Any CPU.Build.0 = Release|Any CPU
		{96FB9772-5619-47AD-93FC-F26319EC6BB1}.Release|x64.ActiveCfg = Release|Any CPU
		{96FB9772-5619-47AD-93FC-F26319EC6BB1}.Release|x64.Build.0 = Release|Any CPU
		{96FB9772-5619-47AD-93FC-F26319EC6BB1}.Release|x86.ActiveCfg = Release|Any CPU
		{96FB9772-5619-47AD-93FC-F26319EC6BB1}.Release|x86.Build.0 = Release|Any CPU
	EndGlobalSection
	GlobalSection(SolutionProperties) = preSolution
		HideSolutionNode = FALSE
	EndGlobalSection
	GlobalSection(NestedProjects) = preSolution
		{283532A3-A744-4C1C-960C-0B4FE9AF98C9} = {1F0A2AD3-81C3-4A53-8AEF-DC67ABC63183}
		{96FB9772-5619-47AD-93FC-F26319EC6BB1} = {1F0A2AD3-81C3-4A53-8AEF-DC67ABC63183}
	EndGlobalSection
	GlobalSection(ExtensibilityGlobals) = postSolution
		SolutionGuid = {25300402-D4C7-4F92-841D-894A842FF055}
	EndGlobalSection
EndGlobal
